// !$*UTF8*$!
{
	archiveVersion = 1;
	classes = {
	};
	objectVersion = 56;
	objects = {

/* Begin PBXBuildFile section */
		14F0EC6F2CE6176B008DB5E6 /* AppDelegate.swift in Sources */ = {isa = PBXBuildFile; fileRef = 14F0EC6E2CE6176B008DB5E6 /* AppDelegate.swift */; };
		14F0EC712CE6176B008DB5E6 /* SceneDelegate.swift in Sources */ = {isa = PBXBuildFile; fileRef = 14F0EC702CE6176B008DB5E6 /* SceneDelegate.swift */; };
		14F0EC782CE6176D008DB5E6 /* Assets.xcassets in Resources */ = {isa = PBXBuildFile; fileRef = 14F0EC772CE6176D008DB5E6 /* Assets.xcassets */; };
		14F0EC7B2CE6176D008DB5E6 /* LaunchScreen.storyboard in Resources */ = {isa = PBXBuildFile; fileRef = 14F0EC792CE6176D008DB5E6 /* LaunchScreen.storyboard */; };
		14F0EC872CE63785008DB5E6 /* ViewController.swift in Sources */ = {isa = PBXBuildFile; fileRef = 14F0EC862CE63785008DB5E6 /* ViewController.swift */; };
		14F0EC892CE63A87008DB5E6 /* Appearance.swift in Sources */ = {isa = PBXBuildFile; fileRef = 14F0EC882CE63A87008DB5E6 /* Appearance.swift */; };
		14F0EC8C2CE63AE4008DB5E6 /* UIColor+Hex.swift in Sources */ = {isa = PBXBuildFile; fileRef = 14F0EC8B2CE63AE4008DB5E6 /* UIColor+Hex.swift */; };
		14F0EC8E2CE63D95008DB5E6 /* OnboardingViewController.swift in Sources */ = {isa = PBXBuildFile; fileRef = 14F0EC8D2CE63D95008DB5E6 /* OnboardingViewController.swift */; };
		14F710E62CE66D6700B19787 /* Mina-Regular.ttf in Resources */ = {isa = PBXBuildFile; fileRef = 14F710E52CE66D5800B19787 /* Mina-Regular.ttf */; };
		14F710E82CE66DD900B19787 /* Mina-Bold.ttf in Resources */ = {isa = PBXBuildFile; fileRef = 14F710E72CE66DD900B19787 /* Mina-Bold.ttf */; };
/* End PBXBuildFile section */

/* Begin PBXFileReference section */
		14F0EC6B2CE6176B008DB5E6 /* OnboardingScreen.app */ = {isa = PBXFileReference; explicitFileType = wrapper.application; includeInIndex = 0; path = OnboardingScreen.app; sourceTree = BUILT_PRODUCTS_DIR; };
		14F0EC6E2CE6176B008DB5E6 /* AppDelegate.swift */ = {isa = PBXFileReference; lastKnownFileType = sourcecode.swift; path = AppDelegate.swift; sourceTree = "<group>"; };
		14F0EC702CE6176B008DB5E6 /* SceneDelegate.swift */ = {isa = PBXFileReference; lastKnownFileType = sourcecode.swift; path = SceneDelegate.swift; sourceTree = "<group>"; };
		14F0EC772CE6176D008DB5E6 /* Assets.xcassets */ = {isa = PBXFileReference; lastKnownFileType = folder.assetcatalog; path = Assets.xcassets; sourceTree = "<group>"; };
		14F0EC7A2CE6176D008DB5E6 /* Base */ = {isa = PBXFileReference; lastKnownFileType = file.storyboard; name = Base; path = Base.lproj/LaunchScreen.storyboard; sourceTree = "<group>"; };
		14F0EC7C2CE6176D008DB5E6 /* Info.plist */ = {isa = PBXFileReference; lastKnownFileType = text.plist.xml; path = Info.plist; sourceTree = "<group>"; };
		14F0EC862CE63785008DB5E6 /* ViewController.swift */ = {isa = PBXFileReference; lastKnownFileType = sourcecode.swift; path = ViewController.swift; sourceTree = "<group>"; };
		14F0EC882CE63A87008DB5E6 /* Appearance.swift */ = {isa = PBXFileReference; lastKnownFileType = sourcecode.swift; path = Appearance.swift; sourceTree = "<group>"; };
		14F0EC8B2CE63AE4008DB5E6 /* UIColor+Hex.swift */ = {isa = PBXFileReference; lastKnownFileType = sourcecode.swift; path = "UIColor+Hex.swift"; sourceTree = "<group>"; };
		14F0EC8D2CE63D95008DB5E6 /* OnboardingViewController.swift */ = {isa = PBXFileReference; lastKnownFileType = sourcecode.swift; path = OnboardingViewController.swift; sourceTree = "<group>"; };
		14F710E52CE66D5800B19787 /* Mina-Regular.ttf */ = {isa = PBXFileReference; lastKnownFileType = file; name = "Mina-Regular.ttf"; path = "../../../../../fonts/Mina/Mina-Regular.ttf"; sourceTree = "<group>"; };
		14F710E72CE66DD900B19787 /* Mina-Bold.ttf */ = {isa = PBXFileReference; lastKnownFileType = file; name = "Mina-Bold.ttf"; path = "../../../../../fonts/Mina/Mina-Bold.ttf"; sourceTree = "<group>"; };
/* End PBXFileReference section */

/* Begin PBXFrameworksBuildPhase section */
		14F0EC682CE6176B008DB5E6 /* Frameworks */ = {
			isa = PBXFrameworksBuildPhase;
			buildActionMask = 2147483647;
			files = (
			);
			runOnlyForDeploymentPostprocessing = 0;
		};
/* End PBXFrameworksBuildPhase section */

/* Begin PBXGroup section */
		14F0EC622CE6176B008DB5E6 = {
			isa = PBXGroup;
			children = (
				14F0EC6D2CE6176B008DB5E6 /* OnboardingScreen */,
				14F0EC6C2CE6176B008DB5E6 /* Products */,
			);
			sourceTree = "<group>";
		};
		14F0EC6C2CE6176B008DB5E6 /* Products */ = {
			isa = PBXGroup;
			children = (
				14F0EC6B2CE6176B008DB5E6 /* OnboardingScreen.app */,
			);
			name = Products;
			sourceTree = "<group>";
		};
		14F0EC6D2CE6176B008DB5E6 /* OnboardingScreen */ = {
			isa = PBXGroup;
			children = (
				14F0EC8A2CE63AC1008DB5E6 /* Extensions */,
				14F0EC842CE6374C008DB5E6 /* Views */,
				14F0EC832CE63743008DB5E6 /* Controllers */,
				14F0EC822CE6373B008DB5E6 /* Resources */,
				14F0EC6E2CE6176B008DB5E6 /* AppDelegate.swift */,
				14F0EC702CE6176B008DB5E6 /* SceneDelegate.swift */,
				14F0EC7C2CE6176D008DB5E6 /* Info.plist */,
			);
			path = OnboardingScreen;
			sourceTree = "<group>";
		};
		14F0EC822CE6373B008DB5E6 /* Resources */ = {
			isa = PBXGroup;
			children = (
				14F710E42CE66D4E00B19787 /* Fonts */,
				14F0EC772CE6176D008DB5E6 /* Assets.xcassets */,
				14F0EC882CE63A87008DB5E6 /* Appearance.swift */,
			);
			path = Resources;
			sourceTree = "<group>";
		};
		14F0EC832CE63743008DB5E6 /* Controllers */ = {
			isa = PBXGroup;
			children = (
				14F0EC862CE63785008DB5E6 /* ViewController.swift */,
				14F0EC8D2CE63D95008DB5E6 /* OnboardingViewController.swift */,
			);
			path = Controllers;
			sourceTree = "<group>";
		};
		14F0EC842CE6374C008DB5E6 /* Views */ = {
			isa = PBXGroup;
			children = (
				14F0EC852CE63751008DB5E6 /* Storyboards */,
			);
			path = Views;
			sourceTree = "<group>";
		};
		14F0EC852CE63751008DB5E6 /* Storyboards */ = {
			isa = PBXGroup;
			children = (
				14F0EC792CE6176D008DB5E6 /* LaunchScreen.storyboard */,
			);
			path = Storyboards;
			sourceTree = "<group>";
		};
		14F0EC8A2CE63AC1008DB5E6 /* Extensions */ = {
			isa = PBXGroup;
			children = (
				14F0EC8B2CE63AE4008DB5E6 /* UIColor+Hex.swift */,
			);
			path = Extensions;
			sourceTree = "<group>";
		};
		14F710E42CE66D4E00B19787 /* Fonts */ = {
			isa = PBXGroup;
			children = (
				14F710E52CE66D5800B19787 /* Mina-Regular.ttf */,
				14F710E72CE66DD900B19787 /* Mina-Bold.ttf */,
			);
			path = Fonts;
			sourceTree = "<group>";
		};
/* End PBXGroup section */

/* Begin PBXNativeTarget section */
		14F0EC6A2CE6176B008DB5E6 /* OnboardingScreen */ = {
			isa = PBXNativeTarget;
			buildConfigurationList = 14F0EC7F2CE6176D008DB5E6 /* Build configuration list for PBXNativeTarget "OnboardingScreen" */;
			buildPhases = (
				14F0EC672CE6176B008DB5E6 /* Sources */,
				14F0EC682CE6176B008DB5E6 /* Frameworks */,
				14F0EC692CE6176B008DB5E6 /* Resources */,
			);
			buildRules = (
			);
			dependencies = (
			);
			name = OnboardingScreen;
			productName = OnboardingScreen;
			productReference = 14F0EC6B2CE6176B008DB5E6 /* OnboardingScreen.app */;
			productType = "com.apple.product-type.application";
		};
/* End PBXNativeTarget section */

/* Begin PBXProject section */
		14F0EC632CE6176B008DB5E6 /* Project object */ = {
			isa = PBXProject;
			attributes = {
				BuildIndependentTargetsInParallel = 1;
				LastSwiftUpdateCheck = 1430;
				LastUpgradeCheck = 1430;
				TargetAttributes = {
					14F0EC6A2CE6176B008DB5E6 = {
						CreatedOnToolsVersion = 14.3.1;
					};
				};
			};
			buildConfigurationList = 14F0EC662CE6176B008DB5E6 /* Build configuration list for PBXProject "OnboardingScreen" */;
			compatibilityVersion = "Xcode 14.0";
			developmentRegion = en;
			hasScannedForEncodings = 0;
			knownRegions = (
				en,
				Base,
			);
			mainGroup = 14F0EC622CE6176B008DB5E6;
			productRefGroup = 14F0EC6C2CE6176B008DB5E6 /* Products */;
			projectDirPath = "";
			projectRoot = "";
			targets = (
				14F0EC6A2CE6176B008DB5E6 /* OnboardingScreen */,
			);
		};
/* End PBXProject section */

/* Begin PBXResourcesBuildPhase section */
		14F0EC692CE6176B008DB5E6 /* Resources */ = {
			isa = PBXResourcesBuildPhase;
			buildActionMask = 2147483647;
			files = (
				14F710E82CE66DD900B19787 /* Mina-Bold.ttf in Resources */,
				14F710E62CE66D6700B19787 /* Mina-Regular.ttf in Resources */,
				14F0EC7B2CE6176D008DB5E6 /* LaunchScreen.storyboard in Resources */,
				14F0EC782CE6176D008DB5E6 /* Assets.xcassets in Resources */,
			);
			runOnlyForDeploymentPostprocessing = 0;
		};
/* End PBXResourcesBuildPhase section */

/* Begin PBXSourcesBuildPhase section */
		14F0EC672CE6176B008DB5E6 /* Sources */ = {
			isa = PBXSourcesBuildPhase;
			buildActionMask = 2147483647;
			files = (
				14F0EC6F2CE6176B008DB5E6 /* AppDelegate.swift in Sources */,
				14F0EC8E2CE63D95008DB5E6 /* OnboardingViewController.swift in Sources */,
				14F0EC872CE63785008DB5E6 /* ViewController.swift in Sources */,
				14F0EC712CE6176B008DB5E6 /* SceneDelegate.swift in Sources */,
				14F0EC892CE63A87008DB5E6 /* Appearance.swift in Sources */,
				14F0EC8C2CE63AE4008DB5E6 /* UIColor+Hex.swift in Sources */,
			);
			runOnlyForDeploymentPostprocessing = 0;
		};
/* End PBXSourcesBuildPhase section */

/* Begin PBXVariantGroup section */
		14F0EC792CE6176D008DB5E6 /* LaunchScreen.storyboard */ = {
			isa = PBXVariantGroup;
			children = (
				14F0EC7A2CE6176D008DB5E6 /* Base */,
			);
			name = LaunchScreen.storyboard;
			sourceTree = "<group>";
		};
/* End PBXVariantGroup section */

/* Begin XCBuildConfiguration section */
		14F0EC7D2CE6176D008DB5E6 /* Debug */ = {
			isa = XCBuildConfiguration;
			buildSettings = {
				ALWAYS_SEARCH_USER_PATHS = NO;
				CLANG_ANALYZER_NONNULL = YES;
				CLANG_ANALYZER_NUMBER_OBJECT_CONVERSION = YES_AGGRESSIVE;
				CLANG_CXX_LANGUAGE_STANDARD = "gnu++20";
				CLANG_ENABLE_MODULES = YES;
				CLANG_ENABLE_OBJC_ARC = YES;
				CLANG_ENABLE_OBJC_WEAK = YES;
				CLANG_WARN_BLOCK_CAPTURE_AUTORELEASING = YES;
				CLANG_WARN_BOOL_CONVERSION = YES;
				CLANG_WARN_COMMA = YES;
				CLANG_WARN_CONSTANT_CONVERSION = YES;
				CLANG_WARN_DEPRECATED_OBJC_IMPLEMENTATIONS = YES;
				CLANG_WARN_DIRECT_OBJC_ISA_USAGE = YES_ERROR;
				CLANG_WARN_DOCUMENTATION_COMMENTS = YES;
				CLANG_WARN_EMPTY_BODY = YES;
				CLANG_WARN_ENUM_CONVERSION = YES;
				CLANG_WARN_INFINITE_RECURSION = YES;
				CLANG_WARN_INT_CONVERSION = YES;
				CLANG_WARN_NON_LITERAL_NULL_CONVERSION = YES;
				CLANG_WARN_OBJC_IMPLICIT_RETAIN_SELF = YES;
				CLANG_WARN_OBJC_LITERAL_CONVERSION = YES;
				CLANG_WARN_OBJC_ROOT_CLASS = YES_ERROR;
				CLANG_WARN_QUOTED_INCLUDE_IN_FRAMEWORK_HEADER = YES;
				CLANG_WARN_RANGE_LOOP_ANALYSIS = YES;
				CLANG_WARN_STRICT_PROTOTYPES = YES;
				CLANG_WARN_SUSPICIOUS_MOVE = YES;
				CLANG_WARN_UNGUARDED_AVAILABILITY = YES_AGGRESSIVE;
				CLANG_WARN_UNREACHABLE_CODE = YES;
				CLANG_WARN__DUPLICATE_METHOD_MATCH = YES;
				COPY_PHASE_STRIP = NO;
				DEBUG_INFORMATION_FORMAT = dwarf;
				ENABLE_STRICT_OBJC_MSGSEND = YES;
				ENABLE_TESTABILITY = YES;
				GCC_C_LANGUAGE_STANDARD = gnu11;
				GCC_DYNAMIC_NO_PIC = NO;
				GCC_NO_COMMON_BLOCKS = YES;
				GCC_OPTIMIZATION_LEVEL = 0;
				GCC_PREPROCESSOR_DEFINITIONS = (
					"DEBUG=1",
					"$(inherited)",
				);
				GCC_WARN_64_TO_32_BIT_CONVERSION = YES;
				GCC_WARN_ABOUT_RETURN_TYPE = YES_ERROR;
				GCC_WARN_UNDECLARED_SELECTOR = YES;
				GCC_WARN_UNINITIALIZED_AUTOS = YES_AGGRESSIVE;
				GCC_WARN_UNUSED_FUNCTION = YES;
				GCC_WARN_UNUSED_VARIABLE = YES;
				IPHONEOS_DEPLOYMENT_TARGET = 16.4;
				MTL_ENABLE_DEBUG_INFO = INCLUDE_SOURCE;
				MTL_FAST_MATH = YES;
				ONLY_ACTIVE_ARCH = YES;
				SDKROOT = iphoneos;
				SWIFT_ACTIVE_COMPILATION_CONDITIONS = DEBUG;
				SWIFT_OPTIMIZATION_LEVEL = "-Onone";
			};
			name = Debug;
		};
		14F0EC7E2CE6176D008DB5E6 /* Release */ = {
			isa = XCBuildConfiguration;
			buildSettings = {
				ALWAYS_SEARCH_USER_PATHS = NO;
				CLANG_ANALYZER_NONNULL = YES;
				CLANG_ANALYZER_NUMBER_OBJECT_CONVERSION = YES_AGGRESSIVE;
				CLANG_CXX_LANGUAGE_STANDARD = "gnu++20";
				CLANG_ENABLE_MODULES = YES;
				CLANG_ENABLE_OBJC_ARC = YES;
				CLANG_ENABLE_OBJC_WEAK = YES;
				CLANG_WARN_BLOCK_CAPTURE_AUTORELEASING = YES;
				CLANG_WARN_BOOL_CONVERSION = YES;
				CLANG_WARN_COMMA = YES;
				CLANG_WARN_CONSTANT_CONVERSION = YES;
				CLANG_WARN_DEPRECATED_OBJC_IMPLEMENTATIONS = YES;
				CLANG_WARN_DIRECT_OBJC_ISA_USAGE = YES_ERROR;
				CLANG_WARN_DOCUMENTATION_COMMENTS = YES;
				CLANG_WARN_EMPTY_BODY = YES;
				CLANG_WARN_ENUM_CONVERSION = YES;
				CLANG_WARN_INFINITE_RECURSION = YES;
				CLANG_WARN_INT_CONVERSION = YES;
				CLANG_WARN_NON_LITERAL_NULL_CONVERSION = YES;
				CLANG_WARN_OBJC_IMPLICIT_RETAIN_SELF = YES;
				CLANG_WARN_OBJC_LITERAL_CONVERSION = YES;
				CLANG_WARN_OBJC_ROOT_CLASS = YES_ERROR;
				CLANG_WARN_QUOTED_INCLUDE_IN_FRAMEWORK_HEADER = YES;
				CLANG_WARN_RANGE_LOOP_ANALYSIS = YES;
				CLANG_WARN_STRICT_PROTOTYPES = YES;
				CLANG_WARN_SUSPICIOUS_MOVE = YES;
				CLANG_WARN_UNGUARDED_AVAILABILITY = YES_AGGRESSIVE;
				CLANG_WARN_UNREACHABLE_CODE = YES;
				CLANG_WARN__DUPLICATE_METHOD_MATCH = YES;
				COPY_PHASE_STRIP = NO;
				DEBUG_INFORMATION_FORMAT = "dwarf-with-dsym";
				ENABLE_NS_ASSERTIONS = NO;
				ENABLE_STRICT_OBJC_MSGSEND = YES;
				GCC_C_LANGUAGE_STANDARD = gnu11;
				GCC_NO_COMMON_BLOCKS = YES;
				GCC_WARN_64_TO_32_BIT_CONVERSION = YES;
				GCC_WARN_ABOUT_RETURN_TYPE = YES_ERROR;
				GCC_WARN_UNDECLARED_SELECTOR = YES;
				GCC_WARN_UNINITIALIZED_AUTOS = YES_AGGRESSIVE;
				GCC_WARN_UNUSED_FUNCTION = YES;
				GCC_WARN_UNUSED_VARIABLE = YES;
				IPHONEOS_DEPLOYMENT_TARGET = 16.4;
				MTL_ENABLE_DEBUG_INFO = NO;
				MTL_FAST_MATH = YES;
				SDKROOT = iphoneos;
				SWIFT_COMPILATION_MODE = wholemodule;
				SWIFT_OPTIMIZATION_LEVEL = "-O";
				VALIDATE_PRODUCT = YES;
			};
			name = Release;
		};
		14F0EC802CE6176D008DB5E6 /* Debug */ = {
			isa = XCBuildConfiguration;
			buildSettings = {
				ASSETCATALOG_COMPILER_APPICON_NAME = AppIcon;
				ASSETCATALOG_COMPILER_GLOBAL_ACCENT_COLOR_NAME = AccentColor;
				CODE_SIGN_STYLE = Automatic;
				CURRENT_PROJECT_VERSION = 1;
				GENERATE_INFOPLIST_FILE = YES;
				INFOPLIST_FILE = OnboardingScreen/Info.plist;
				INFOPLIST_KEY_UIApplicationSupportsIndirectInputEvents = YES;
				INFOPLIST_KEY_UILaunchStoryboardName = LaunchScreen;
				INFOPLIST_KEY_UISupportedInterfaceOrientations_iPad = "UIInterfaceOrientationPortrait UIInterfaceOrientationPortraitUpsideDown UIInterfaceOrientationLandscapeLeft UIInterfaceOrientationLandscapeRight";
				INFOPLIST_KEY_UISupportedInterfaceOrientations_iPhone = "UIInterfaceOrientationPortrait UIInterfaceOrientationLandscapeLeft UIInterfaceOrientationLandscapeRight";
				LD_RUNPATH_SEARCH_PATHS = (
					"$(inherited)",
					"@executable_path/Frameworks",
				);
				MARKETING_VERSION = 1.0;
				PRODUCT_BUNDLE_IDENTIFIER = "com.test-project.OnboardingScreen";
				PRODUCT_NAME = "$(TARGET_NAME)";
				SWIFT_EMIT_LOC_STRINGS = YES;
				SWIFT_VERSION = 5.0;
				TARGETED_DEVICE_FAMILY = "1,2";
			};
			name = Debug;
		};
		14F0EC812CE6176D008DB5E6 /* Release */ = {
			isa = XCBuildConfiguration;
			buildSettings = {
				ASSETCATALOG_COMPILER_APPICON_NAME = AppIcon;
				ASSETCATALOG_COMPILER_GLOBAL_ACCENT_COLOR_NAME = AccentColor;
				CODE_SIGN_STYLE = Automatic;
				CURRENT_PROJECT_VERSION = 1;
				GENERATE_INFOPLIST_FILE = YES;
				INFOPLIST_FILE = OnboardingScreen/Info.plist;
				INFOPLIST_KEY_UIApplicationSupportsIndirectInputEvents = YES;
				INFOPLIST_KEY_UILaunchStoryboardName = LaunchScreen;
				INFOPLIST_KEY_UISupportedInterfaceOrientations_iPad = "UIInterfaceOrientationPortrait UIInterfaceOrientationPortraitUpsideDown UIInterfaceOrientationLandscapeLeft UIInterfaceOrientationLandscapeRight";
				INFOPLIST_KEY_UISupportedInterfaceOrientations_iPhone = "UIInterfaceOrientationPortrait UIInterfaceOrientationLandscapeLeft UIInterfaceOrientationLandscapeRight";
				LD_RUNPATH_SEARCH_PATHS = (
					"$(inherited)",
					"@executable_path/Frameworks",
				);
				MARKETING_VERSION = 1.0;
				PRODUCT_BUNDLE_IDENTIFIER = "com.test-project.OnboardingScreen";
				PRODUCT_NAME = "$(TARGET_NAME)";
				SWIFT_EMIT_LOC_STRINGS = YES;
				SWIFT_VERSION = 5.0;
				TARGETED_DEVICE_FAMILY = "1,2";
			};
			name = Release;
		};
/* End XCBuildConfiguration section */

/* Begin XCConfigurationList section */
		14F0EC662CE6176B008DB5E6 /* Build configuration list for PBXProject "OnboardingScreen" */ = {
			isa = XCConfigurationList;
			buildConfigurations = (
				14F0EC7D2CE6176D008DB5E6 /* Debug */,
				14F0EC7E2CE6176D008DB5E6 /* Release */,
			);
			defaultConfigurationIsVisible = 0;
			defaultConfigurationName = Release;
		};
		14F0EC7F2CE6176D008DB5E6 /* Build configuration list for PBXNativeTarget "OnboardingScreen" */ = {
			isa = XCConfigurationList;
			buildConfigurations = (
				14F0EC802CE6176D008DB5E6 /* Debug */,
				14F0EC812CE6176D008DB5E6 /* Release */,
			);
			defaultConfigurationIsVisible = 0;
			defaultConfigurationName = Release;
		};
/* End XCConfigurationList section */
	};
	rootObject = 14F0EC632CE6176B008DB5E6 /* Project object */;
}
